
Microsoft Visual Studio Solution File, Format Version 12.00
# Visual Studio Version 17
VisualStudioVersion = 17.14.36203.30 d17.14
MinimumVisualStudioVersion = 10.0.40219.1
Project("{FAE04EC0-301F-11D3-BF4B-00C04F79EFBC}") = "BaiTapWindowsForm", "BaiTapWindowsForm\BaiTapWindowsForm.csproj", "{88598919-C3F7-4679-BD3A-9C9C4BE772B1}"
EndProject
Global
	GlobalSection(SolutionConfigurationPlatforms) = preSolution
		Debug|Any CPU = Debug|Any CPU
		Release|Any CPU = Release|Any CPU
	EndGlobalSection
	GlobalSection(ProjectConfigurationPlatforms) = postSolution
		{88598919-C3F7-4679-BD3A-9C9C4BE772B1}.Debug|Any CPU.ActiveCfg = Debug|Any CPU
		{88598919-C3F7-4679-BD3A-9C9C4BE772B1}.Debug|Any CPU.Build.0 = Debug|Any CPU
		{88598919-C3F7-4679-BD3A-9C9C4BE772B1}.Release|Any CPU.ActiveCfg = Release|Any CPU
		{88598919-C3F7-4679-BD3A-9C9C4BE772B1}.Release|Any CPU.Build.0 = Release|Any CPU
	EndGlobalSection
	GlobalSection(SolutionProperties) = preSolution
		HideSolutionNode = FALSE
	EndGlobalSection
	GlobalSection(ExtensibilityGlobals) = postSolution
		SolutionGuid = {18425CA5-F8D2-4A99-9AC2-E87548E2A672}
	EndGlobalSection
EndGlobal
