
Microsoft Visual Studio Solution File, Format Version 12.00
# Visual Studio Version 16
VisualStudioVersion = 16.0.36602.28
MinimumVisualStudioVersion = 10.0.40219.1
Project("{FAE04EC0-301F-11D3-BF4B-00C04F79EFBC}") = "Lab_Advanced_Command", "Lab_Advanced_Command\Lab_Advanced_Command.csproj", "{32045671-7AC2-4B31-A379-9B73B59BBF8C}"
EndProject
Global
	GlobalSection(SolutionConfigurationPlatforms) = preSolution
		Debug|Any CPU = Debug|Any CPU
		Release|Any CPU = Release|Any CPU
	EndGlobalSection
	GlobalSection(ProjectConfigurationPlatforms) = postSolution
		{32045671-7AC2-4B31-A379-9B73B59BBF8C}.Debug|Any CPU.ActiveCfg = Debug|Any CPU
		{32045671-7AC2-4B31-A379-9B73B59BBF8C}.Debug|Any CPU.Build.0 = Debug|Any CPU
		{32045671-7AC2-4B31-A379-9B73B59BBF8C}.Release|Any CPU.ActiveCfg = Release|Any CPU
		{32045671-7AC2-4B31-A379-9B73B59BBF8C}.Release|Any CPU.Build.0 = Release|Any CPU
	EndGlobalSection
	GlobalSection(SolutionProperties) = preSolution
		HideSolutionNode = FALSE
	EndGlobalSection
	GlobalSection(ExtensibilityGlobals) = postSolution
		SolutionGuid = {59B776B6-5091-4FD3-ADA7-5A5CE489E813}
	EndGlobalSection
EndGlobal
